
Microsoft Visual Studio Solution File, Format Version 12.00
# Visual Studio Version 17
VisualStudioVersion = 17.9.34723.18
MinimumVisualStudioVersion = 10.0.40219.1
Project("{FAE04EC0-301F-11D3-BF4B-00C04F79EFBC}") = "BirdwatcherWebsite", "BirdwatcherWebsite\BirdwatcherWebsite.csproj", "{CA5580E5-3EC8-4CF9-A8A6-E1733D5F371A}"
EndProject
Global
	GlobalSection(SolutionConfigurationPlatforms) = preSolution
		Debug|Any CPU = Debug|Any CPU
		Release|Any CPU = Release|Any CPU
	EndGlobalSection
	GlobalSection(ProjectConfigurationPlatforms) = postSolution
		{CA5580E5-3EC8-4CF9-A8A6-E1733D5F371A}.Debug|Any CPU.ActiveCfg = Debug|Any CPU
		{CA5580E5-3EC8-4CF9-A8A6-E1733D5F371A}.Debug|Any CPU.Build.0 = Debug|Any CPU
		{CA5580E5-3EC8-4CF9-A8A6-E1733D5F371A}.Release|Any CPU.ActiveCfg = Release|Any CPU
		{CA5580E5-3EC8-4CF9-A8A6-E1733D5F371A}.Release|Any CPU.Build.0 = Release|Any CPU
	EndGlobalSection
	GlobalSection(SolutionProperties) = preSolution
		HideSolutionNode = FALSE
	EndGlobalSection
	GlobalSection(ExtensibilityGlobals) = postSolution
		SolutionGuid = {C62D832F-F04D-45E5-9965-C813D027CA18}
	EndGlobalSection
EndGlobal
